
Microsoft Visual Studio Solution File, Format Version 12.00
# Visual Studio Version 17
VisualStudioVersion = 17.5.33530.505
MinimumVisualStudioVersion = 10.0.40219.1
Project("{8BC9CEB8-8B4A-11D0-8D11-00A0C91BC942}") = "crosshair-overlay", "crosshair-overlay.vcxproj", "{67F7A18A-F17A-438D-AAD1-40985BF7CE3A}"
EndProject
Global
	GlobalSection(SolutionConfigurationPlatforms) = preSolution
		Debug|x64 = Debug|x64
		Debug|x86 = Debug|x86
		Release|x64 = Release|x64
		Release|x86 = Release|x86
	EndGlobalSection
	GlobalSection(ProjectConfigurationPlatforms) = postSolution
		{67F7A18A-F17A-438D-AAD1-40985BF7CE3A}.Debug|x64.ActiveCfg = Debug|x64
		{67F7A18A-F17A-438D-AAD1-40985BF7CE3A}.Debug|x64.Build.0 = Debug|x64
		{67F7A18A-F17A-438D-AAD1-40985BF7CE3A}.Debug|x86.ActiveCfg = Debug|Win32
		{67F7A18A-F17A-438D-AAD1-40985BF7CE3A}.Debug|x86.Build.0 = Debug|Win32
		{67F7A18A-F17A-438D-AAD1-40985BF7CE3A}.Release|x64.ActiveCfg = Release|x64
		{67F7A18A-F17A-438D-AAD1-40985BF7CE3A}.Release|x64.Build.0 = Release|x64
		{67F7A18A-F17A-438D-AAD1-40985BF7CE3A}.Release|x86.ActiveCfg = Release|Win32
		{67F7A18A-F17A-438D-AAD1-40985BF7CE3A}.Release|x86.Build.0 = Release|Win32
	EndGlobalSection
	GlobalSection(SolutionProperties) = preSolution
		HideSolutionNode = FALSE
	EndGlobalSection
	GlobalSection(ExtensibilityGlobals) = postSolution
		SolutionGuid = {0915752D-2A13-4C3C-ADDD-546F48B56AC1}
	EndGlobalSection
EndGlobal
